
Microsoft Visual Studio Solution File, Format Version 12.00
# Visual Studio Express 2012 for Windows Desktop
Project("{FAE04EC0-301F-11D3-BF4B-00C04F79EFBC}") = "Assign3_3020_PART_A", "Assign3_3020_PART_A\Assign3_3020_PART_A.csproj", "{EB8F3489-212E-402A-A4B2-5D7DE10ED33C}"
EndProject
Global
	GlobalSection(SolutionConfigurationPlatforms) = preSolution
		Debug|Any CPU = Debug|Any CPU
		Release|Any CPU = Release|Any CPU
	EndGlobalSection
	GlobalSection(ProjectConfigurationPlatforms) = postSolution
		{EB8F3489-212E-402A-A4B2-5D7DE10ED33C}.Debug|Any CPU.ActiveCfg = Debug|Any CPU
		{EB8F3489-212E-402A-A4B2-5D7DE10ED33C}.Debug|Any CPU.Build.0 = Debug|Any CPU
		{EB8F3489-212E-402A-A4B2-5D7DE10ED33C}.Release|Any CPU.ActiveCfg = Release|Any CPU
		{EB8F3489-212E-402A-A4B2-5D7DE10ED33C}.Release|Any CPU.Build.0 = Release|Any CPU
	EndGlobalSection
	GlobalSection(SolutionProperties) = preSolution
		HideSolutionNode = FALSE
	EndGlobalSection
EndGlobal
